
Microsoft Visual Studio Solution File, Format Version 12.00
# Visual Studio Version 16
VisualStudioVersion = 16.0.30406.217
MinimumVisualStudioVersion = 10.0.40219.1
Project("{9A19103F-16F7-4668-BE54-9A1E7A4F7556}") = "TaxiFareWithML", "TaxiFareWithML\TaxiFareWithML.csproj", "{FA5F3B9F-EFD3-44A1-801F-4028181C8F7F}"
EndProject
Project("{9A19103F-16F7-4668-BE54-9A1E7A4F7556}") = "TaxiFareWithMLML.Model", "TaxiFareWithMLML.Model\TaxiFareWithMLML.Model.csproj", "{FD9E53EC-7B1F-49DB-B12E-E765245DAEA9}"
EndProject
Project("{9A19103F-16F7-4668-BE54-9A1E7A4F7556}") = "TaxiFareWithMLML.ConsoleApp", "TaxiFareWithMLML.ConsoleApp\TaxiFareWithMLML.ConsoleApp.csproj", "{D995D1E2-732D-4E8C-9101-EF7990013DB8}"
EndProject
Global
	GlobalSection(SolutionConfigurationPlatforms) = preSolution
		Debug|Any CPU = Debug|Any CPU
		Release|Any CPU = Release|Any CPU
	EndGlobalSection
	GlobalSection(ProjectConfigurationPlatforms) = postSolution
		{FA5F3B9F-EFD3-44A1-801F-4028181C8F7F}.Debug|Any CPU.ActiveCfg = Debug|Any CPU
		{FA5F3B9F-EFD3-44A1-801F-4028181C8F7F}.Debug|Any CPU.Build.0 = Debug|Any CPU
		{FA5F3B9F-EFD3-44A1-801F-4028181C8F7F}.Release|Any CPU.ActiveCfg = Release|Any CPU
		{FA5F3B9F-EFD3-44A1-801F-4028181C8F7F}.Release|Any CPU.Build.0 = Release|Any CPU
		{FD9E53EC-7B1F-49DB-B12E-E765245DAEA9}.Debug|Any CPU.ActiveCfg = Debug|Any CPU
		{FD9E53EC-7B1F-49DB-B12E-E765245DAEA9}.Debug|Any CPU.Build.0 = Debug|Any CPU
		{FD9E53EC-7B1F-49DB-B12E-E765245DAEA9}.Release|Any CPU.ActiveCfg = Release|Any CPU
		{FD9E53EC-7B1F-49DB-B12E-E765245DAEA9}.Release|Any CPU.Build.0 = Release|Any CPU
		{D995D1E2-732D-4E8C-9101-EF7990013DB8}.Debug|Any CPU.ActiveCfg = Debug|Any CPU
		{D995D1E2-732D-4E8C-9101-EF7990013DB8}.Debug|Any CPU.Build.0 = Debug|Any CPU
		{D995D1E2-732D-4E8C-9101-EF7990013DB8}.Release|Any CPU.ActiveCfg = Release|Any CPU
		{D995D1E2-732D-4E8C-9101-EF7990013DB8}.Release|Any CPU.Build.0 = Release|Any CPU
	EndGlobalSection
	GlobalSection(SolutionProperties) = preSolution
		HideSolutionNode = FALSE
	EndGlobalSection
	GlobalSection(ExtensibilityGlobals) = postSolution
		SolutionGuid = {2C6F2D2F-9CA2-4BD6-8C45-DE835F4BA64A}
	EndGlobalSection
EndGlobal
